
Microsoft Visual Studio Solution File, Format Version 12.00
# Visual Studio Version 16
VisualStudioVersion = 16.0.30413.136
MinimumVisualStudioVersion = 10.0.40219.1
Project("{FAE04EC0-301F-11D3-BF4B-00C04F79EFBC}") = "ExempelMVVM", "ExempelMVVM\ExempelMVVM.csproj", "{BDDE6E0E-E222-41A3-9D68-A3126C1BDC34}"
EndProject
Global
	GlobalSection(SolutionConfigurationPlatforms) = preSolution
		Debug|Any CPU = Debug|Any CPU
		Release|Any CPU = Release|Any CPU
	EndGlobalSection
	GlobalSection(ProjectConfigurationPlatforms) = postSolution
		{BDDE6E0E-E222-41A3-9D68-A3126C1BDC34}.Debug|Any CPU.ActiveCfg = Debug|Any CPU
		{BDDE6E0E-E222-41A3-9D68-A3126C1BDC34}.Debug|Any CPU.Build.0 = Debug|Any CPU
		{BDDE6E0E-E222-41A3-9D68-A3126C1BDC34}.Release|Any CPU.ActiveCfg = Release|Any CPU
		{BDDE6E0E-E222-41A3-9D68-A3126C1BDC34}.Release|Any CPU.Build.0 = Release|Any CPU
	EndGlobalSection
	GlobalSection(SolutionProperties) = preSolution
		HideSolutionNode = FALSE
	EndGlobalSection
	GlobalSection(ExtensibilityGlobals) = postSolution
		SolutionGuid = {CE11CFF4-8E63-4E2D-B560-ED3903AD75C9}
	EndGlobalSection
EndGlobal
